
Microsoft Visual Studio Solution File, Format Version 12.00
# Visual Studio Version 17
VisualStudioVersion = 17.0.31903.59
MinimumVisualStudioVersion = 10.0.40219.1
Project("{9A19103F-16F7-4668-BE54-9A1E7A4F7556}") = "Filter", "src\Filter\Filter.csproj", "{B8A90E4F-FD05-48B9-8FCC-4B0132FB4CDE}"
EndProject
Project("{FAE04EC0-301F-11D3-BF4B-00C04F79EFBC}") = "FilterUnitTests", "src\FilterUnitTests\FilterUnitTests.csproj", "{F011713F-C6AF-440E-9A72-F618F464C43B}"
EndProject
Global
	GlobalSection(SolutionConfigurationPlatforms) = preSolution
		Debug|Any CPU = Debug|Any CPU
		Release|Any CPU = Release|Any CPU
	EndGlobalSection
	GlobalSection(ProjectConfigurationPlatforms) = postSolution
		{B8A90E4F-FD05-48B9-8FCC-4B0132FB4CDE}.Debug|Any CPU.ActiveCfg = Debug|Any CPU
		{B8A90E4F-FD05-48B9-8FCC-4B0132FB4CDE}.Debug|Any CPU.Build.0 = Debug|Any CPU
		{B8A90E4F-FD05-48B9-8FCC-4B0132FB4CDE}.Release|Any CPU.ActiveCfg = Release|Any CPU
		{B8A90E4F-FD05-48B9-8FCC-4B0132FB4CDE}.Release|Any CPU.Build.0 = Release|Any CPU
		{F011713F-C6AF-440E-9A72-F618F464C43B}.Debug|Any CPU.ActiveCfg = Debug|Any CPU
		{F011713F-C6AF-440E-9A72-F618F464C43B}.Debug|Any CPU.Build.0 = Debug|Any CPU
		{F011713F-C6AF-440E-9A72-F618F464C43B}.Release|Any CPU.ActiveCfg = Release|Any CPU
		{F011713F-C6AF-440E-9A72-F618F464C43B}.Release|Any CPU.Build.0 = Release|Any CPU
	EndGlobalSection
	GlobalSection(SolutionProperties) = preSolution
		HideSolutionNode = FALSE
	EndGlobalSection
	GlobalSection(ExtensibilityGlobals) = postSolution
		SolutionGuid = {9E68EB97-3E21-47C8-991B-F7D1506A0027}
	EndGlobalSection
EndGlobal
